version = 1
revision = 1
requires-python = ">=3.8"

[[package]]
name = "ddt"
version = "1.7.2"
source = { registry = "https://pypi.org/simple" }
sdist = { url = "https://files.pythonhosted.org/packages/51/d4/bdea45c5c1f1f0ae55844d841101b00905c9863ee1004da37d911253abb2/ddt-1.7.2.tar.gz", hash = "sha256:d215d6b083963013c4a19b1e4dcd6a96e80e43ab77519597a6acfcf2e9a3e04b", size = 13673 }
wheels = [
    { url = "https://files.pythonhosted.org/packages/61/7c/38d1aec205833096eddefcbb3492fbb2c886e74174c72bc160da9522b2f0/ddt-1.7.2-py2.py3-none-any.whl", hash = "sha256:6adcfaf9785f0a36f9e73a89b91e412de9ef8649e289b750e3683bc79d5e2354", size = 7065 },
]

[[package]]
name = "toml"
version = "0.10.2"
source = { registry = "https://pypi.org/simple" }
sdist = { url = "https://files.pythonhosted.org/packages/be/ba/1f744cdc819428fc6b5084ec34d9b30660f6f9daaf70eead706e3203ec3c/toml-0.10.2.tar.gz", hash = "sha256:b3bda1d108d5dd99f4a20d24d9c348e91c4db7ab1b749200bded2f839ccbe68f", size = 22253 }
wheels = [
    { url = "https://files.pythonhosted.org/packages/44/6f/7120676b6d73228c96e17f1f794d8ab046fc910d781c8d151120c3f1569e/toml-0.10.2-py2.py3-none-any.whl", hash = "sha256:806143ae5bfb6a3c6e736a764057db0e6a0e05e338b5630894a5f779cabb4f9b", size = 16588 },
]

[[package]]
name = "via-uv"
version = "0.1.0"
source = { virtual = "." }
dependencies = [
    { name = "toml" },
]

[package.optional-dependencies]
foo = [
    { name = "ddt" },
]

[package.metadata]
requires-dist = [
    { name = "ddt", marker = "extra == 'foo'" },
    { name = "toml" },
]
provides-extras = ["foo"]
