# This file is @generated by PDM.
# It is not intended for manual editing.

[metadata]
groups = ["default", "dev"]
strategy = ["cross_platform", "inherit_metadata"]
lock_version = "4.4.1"
content_hash = "sha256:ff16a20acc2ca2e9aa40f03286a59c8ad435913a75fc6002d1295bf735cd6cb0"

[[package]]
name = "ddt"
version = "1.7.1"
summary = "Data-Driven/Decorated Tests"
groups = ["dev"]
files = [
    {file = "ddt-1.7.1-py2.py3-none-any.whl", hash = "sha256:2c4ac421bbdc10d2403b472294500c6f75ca822386c34d9fe82882d7a2ce9682"},
    {file = "ddt-1.7.1.tar.gz", hash = "sha256:1a4472c477bf766f75f7b1efb628656ff3c35ff3f6c821129ae8e328fff8a9a2"},
]

[[package]]
name = "toml"
version = "0.10.2"
requires_python = ">=2.6, !=3.0.*, !=3.1.*, !=3.2.*"
summary = "Python Library for Tom's Obvious, Minimal Language"
groups = ["default"]
files = [
    {file = "toml-0.10.2-py2.py3-none-any.whl", hash = "sha256:806143ae5bfb6a3c6e736a764057db0e6a0e05e338b5630894a5f779cabb4f9b"},
    {file = "toml-0.10.2.tar.gz", hash = "sha256:b3bda1d108d5dd99f4a20d24d9c348e91c4db7ab1b749200bded2f839ccbe68f"},
]
