[[package]]
name = "arrow"
version = "1.3.0"
description = "Better dates & times for Python"
category = "main"
optional = false
python-versions = ">=3.8"

[package.dependencies]
python-dateutil = ">=2.7.0"
types-python-dateutil = ">=2.8.10"

[package.extras]
doc = ["doc8", "sphinx (>=7.0.0)", "sphinx-autobuild", "sphinx-autodoc-typehints", "sphinx_rtd_theme (>=1.3.0)"]
test = ["dateparser (>=1.0.0,<2.0.0)", "pre-commit", "pytest", "pytest-cov", "pytest-mock", "pytz (==2021.1)", "simplejson (>=3.0.0,<4.0.0)"]

[[package]]
name = "attrs"
version = "23.1.0"
description = "Classes Without Boilerplate"
category = "main"
optional = false
python-versions = ">=3.7"

[package.extras]
cov = ["attrs", "coverage[toml] (>=5.3)"]
dev = ["attrs", "pre-commit"]
docs = ["furo", "myst-parser", "sphinx", "sphinx-notfound-page", "sphinxcontrib-towncrier", "towncrier", "zope-interface"]
tests = ["attrs", "zope-interface"]
tests-no-zope = ["cloudpickle", "hypothesis", "mypy (>=1.1.1)", "pympler", "pytest (>=4.3.0)", "pytest-mypy-plugins", "pytest-xdist"]

[[package]]
name = "boolean.py"
version = "4.0"
description = "Define boolean algebras, create and parse boolean expressions and create custom boolean DSL."
category = "main"
optional = false
python-versions = "*"

[[package]]
name = "cyclonedx-python-lib"
version = "5.1.1"
description = "Python library for CycloneDX"
category = "main"
optional = false
python-versions = ">=3.8,<4.0"

[package.dependencies]
jsonschema = {version = ">=4.18,<5.0", extras = ["format"], optional = true, markers = "extra == \"validation\" or extra == \"json-validation\""}
license-expression = ">=30,<31"
lxml = {version = ">=4,<5", optional = true, markers = "extra == \"validation\" or extra == \"xml-validation\""}
packageurl-python = ">=0.11"
py-serializable = ">=0.15,<0.16"
sortedcontainers = ">=2.4.0,<3.0.0"

[package.extras]
json-validation = ["jsonschema[format] (>=4.18,<5.0)"]
validation = ["jsonschema[format] (>=4.18,<5.0)", "lxml (>=4,<5)"]
xml-validation = ["lxml (>=4,<5)"]

[[package]]
name = "ddt"
version = "1.6.0"
description = "Data-Driven/Decorated Tests"
category = "dev"
optional = false
python-versions = "*"

[[package]]
name = "defusedxml"
version = "0.7.1"
description = "XML bomb protection for Python stdlib modules"
category = "main"
optional = false
python-versions = ">=2.7, !=3.0.*, !=3.1.*, !=3.2.*, !=3.3.*, !=3.4.*"

[[package]]
name = "fqdn"
version = "1.5.1"
description = "Validates fully-qualified domain names against RFC 1123, so that they are acceptable to modern bowsers"
category = "main"
optional = false
python-versions = ">=2.7, !=3.0, !=3.1, !=3.2, !=3.3, !=3.4, <4"

[[package]]
name = "idna"
version = "3.4"
description = "Internationalized Domain Names in Applications (IDNA)"
category = "main"
optional = false
python-versions = ">=3.5"

[[package]]
name = "isoduration"
version = "20.11.0"
description = "Operations with ISO 8601 durations"
category = "main"
optional = false
python-versions = ">=3.7"

[package.dependencies]
arrow = ">=0.15.0"

[[package]]
name = "jsonpointer"
version = "2.4"
description = "Identify specific nodes in a JSON document (RFC 6901)"
category = "main"
optional = false
python-versions = ">=2.7, !=3.0.*, !=3.1.*, !=3.2.*, !=3.3.*, !=3.4.*, !=3.5.*, !=3.6.*"

[[package]]
name = "jsonschema"
version = "4.19.2"
description = "An implementation of JSON Schema validation for Python"
category = "main"
optional = false
python-versions = ">=3.8"

[package.dependencies]
attrs = ">=22.2.0"
fqdn = {version = "*", optional = true, markers = "extra == \"format\""}
idna = {version = "*", optional = true, markers = "extra == \"format\""}
isoduration = {version = "*", optional = true, markers = "extra == \"format\""}
jsonpointer = {version = ">1.13", optional = true, markers = "extra == \"format\""}
jsonschema-specifications = ">=2023.03.6"
referencing = ">=0.28.4"
rfc3339-validator = {version = "*", optional = true, markers = "extra == \"format\""}
rfc3987 = {version = "*", optional = true, markers = "extra == \"format\""}
rpds-py = ">=0.7.1"
uri-template = {version = "*", optional = true, markers = "extra == \"format\""}
webcolors = {version = ">=1.11", optional = true, markers = "extra == \"format\""}

[package.extras]
format = ["fqdn", "idna", "isoduration", "jsonpointer (>1.13)", "rfc3339-validator", "rfc3987", "uri-template", "webcolors (>=1.11)"]
format-nongpl = ["fqdn", "idna", "isoduration", "jsonpointer (>1.13)", "rfc3339-validator", "rfc3986-validator (>0.1.0)", "uri-template", "webcolors (>=1.11)"]

[[package]]
name = "jsonschema-specifications"
version = "2023.7.1"
description = "The JSON Schema meta-schemas and vocabularies, exposed as a Registry"
category = "main"
optional = false
python-versions = ">=3.8"

[package.dependencies]
referencing = ">=0.28.0"

[[package]]
name = "license-expression"
version = "30.1.1"
description = "license-expression is a comprehensive utility library to parse, compare, simplify and normalize license expressions (such as SPDX license expressions) using boolean logic."
category = "main"
optional = false
python-versions = ">=3.7"

[package.dependencies]
"boolean.py" = ">=4.0"

[package.extras]
docs = ["Sphinx (==5.1.0)", "doc8 (>=0.8.1)", "sphinx-rtd-theme (>=0.5.0)", "sphinxcontrib-apidoc (>=0.3.0)"]
testing = ["black", "isort", "pytest (>=6,!=7.0.0)", "pytest-xdist (>=2)", "twine"]

[[package]]
name = "lxml"
version = "4.9.3"
description = "Powerful and Pythonic XML processing library combining libxml2/libxslt with the ElementTree API."
category = "main"
optional = false
python-versions = ">=2.7, !=3.0.*, !=3.1.*, !=3.2.*, !=3.3.*, != 3.4.*"

[package.extras]
cssselect = ["cssselect (>=0.7)"]
html5 = ["html5lib"]
htmlsoup = ["beautifulsoup4"]
source = ["Cython (>=0.29.35)"]

[[package]]
name = "packageurl-python"
version = "0.11.2"
description = "A purl aka. Package URL parser and builder"
category = "main"
optional = false
python-versions = ">=3.7"

[package.extras]
build = ["wheel"]
lint = ["black", "isort", "mypy"]
sqlalchemy = ["sqlalchemy (>=2.0.0)"]
test = ["pytest"]

[[package]]
name = "py-serializable"
version = "0.15.0"
description = "Library for serializing and deserializing Python Objects to and from JSON and XML."
category = "main"
optional = false
python-versions = ">=3.7,<4.0"

[package.dependencies]
defusedxml = ">=0.7.1,<0.8.0"

[[package]]
name = "python-dateutil"
version = "2.8.2"
description = "Extensions to the standard Python datetime module"
category = "main"
optional = false
python-versions = "!=3.0.*,!=3.1.*,!=3.2.*,>=2.7"

[package.dependencies]
six = ">=1.5"

[[package]]
name = "referencing"
version = "0.30.2"
description = "JSON Referencing + Python"
category = "main"
optional = false
python-versions = ">=3.8"

[package.dependencies]
attrs = ">=22.2.0"
rpds-py = ">=0.7.0"

[[package]]
name = "rfc3339-validator"
version = "0.1.4"
description = "A pure python RFC3339 validator"
category = "main"
optional = false
python-versions = ">=2.7, !=3.0.*, !=3.1.*, !=3.2.*, !=3.3.*, !=3.4.*"

[package.dependencies]
six = "*"

[[package]]
name = "rfc3987"
version = "1.3.8"
description = "Parsing and validation of URIs (RFC 3986) and IRIs (RFC 3987)"
category = "main"
optional = false
python-versions = "*"

[[package]]
name = "rpds-py"
version = "0.12.0"
description = "Python bindings to Rust's persistent data structures (rpds)"
category = "main"
optional = false
python-versions = ">=3.8"

[[package]]
name = "six"
version = "1.16.0"
description = "Python 2 and 3 compatibility utilities"
category = "main"
optional = false
python-versions = ">=2.7, !=3.0.*, !=3.1.*, !=3.2.*"

[[package]]
name = "sortedcontainers"
version = "2.4.0"
description = "Sorted Containers -- Sorted List, Sorted Dict, Sorted Set"
category = "main"
optional = false
python-versions = "*"

[[package]]
name = "types-python-dateutil"
version = "2.8.19.14"
description = "Typing stubs for python-dateutil"
category = "main"
optional = false
python-versions = "*"

[[package]]
name = "uri-template"
version = "1.3.0"
description = "RFC 6570 URI Template Processor"
category = "main"
optional = false
python-versions = ">=3.7"

[package.extras]
dev = ["flake8", "flake8-annotations", "flake8-bandit", "flake8-bugbear", "flake8-commas", "flake8-comprehensions", "flake8-continuation", "flake8-datetimez", "flake8-docstrings", "flake8-import-order", "flake8-literal", "flake8-modern-annotations", "flake8-noqa", "flake8-pyproject", "flake8-requirements", "flake8-typechecking-import", "flake8-use-fstring", "mypy", "pep8-naming", "types-pyyaml"]

[[package]]
name = "webcolors"
version = "1.13"
description = "A library for working with the color formats defined by HTML and CSS."
category = "main"
optional = false
python-versions = ">=3.7"

[package.extras]
docs = ["furo", "sphinx", "sphinx-copybutton", "sphinx-inline-tabs", "sphinx-notfound-page", "sphinxext-opengraph"]
tests = ["pytest", "pytest-cov"]

[metadata]
lock-version = "1.1"
python-versions = "^3.11"
content-hash = "39fdd5b51aad80a920425e37435377431d02f1018a69ab4f43e35eb1870b0aca"

[metadata.files]
arrow = []
attrs = [
    {file = "attrs-23.1.0-py3-none-any.whl", hash = "sha256:1f28b4522cdc2fb4256ac1a020c78acf9cba2c6b461ccd2c126f3aa8e8335d04"},
    {file = "attrs-23.1.0.tar.gz", hash = "sha256:6279836d581513a26f1bf235f9acd333bc9115683f14f7e8fae46c98fc50e015"},
]
"boolean.py" = []
cyclonedx-python-lib = []
ddt = [
    {file = "ddt-1.6.0-py2.py3-none-any.whl", hash = "sha256:e3c93b961a108b4f4d5a6c7f2263513d928baf3bb5b32af8e1c804bfb041141d"},
    {file = "ddt-1.6.0.tar.gz", hash = "sha256:f71b348731b8c78c3100bffbd951a769fbd439088d1fdbb3841eee019af80acd"},
]
defusedxml = []
fqdn = []
idna = [
    {file = "idna-3.4-py3-none-any.whl", hash = "sha256:90b77e79eaa3eba6de819a0c442c0b4ceefc341a7a2ab77d7562bf49f425c5c2"},
    {file = "idna-3.4.tar.gz", hash = "sha256:814f528e8dead7d329833b91c5faa87d60bf71824cd12a7530b5526063d02cb4"},
]
isoduration = []
jsonpointer = []
jsonschema = []
jsonschema-specifications = []
license-expression = []
lxml = []
packageurl-python = []
py-serializable = []
python-dateutil = [
    {file = "python-dateutil-2.8.2.tar.gz", hash = "sha256:0123cacc1627ae19ddf3c27a5de5bd67ee4586fbdd6440d9748f8abb483d3e86"},
    {file = "python_dateutil-2.8.2-py2.py3-none-any.whl", hash = "sha256:961d03dc3453ebbc59dbdea9e4e11c5651520a876d0f4db161e8674aae935da9"},
]
referencing = []
rfc3339-validator = []
rfc3987 = []
rpds-py = []
six = [
    {file = "six-1.16.0-py2.py3-none-any.whl", hash = "sha256:8abb2f1d86890a2dfb989f9a77cfcfd3e47c2a354b01111771326f8aa26e0254"},
    {file = "six-1.16.0.tar.gz", hash = "sha256:1e61c37477a1626458e36f7b1d82aa5c9b094fa4802892072e49de9c60c4c926"},
]
sortedcontainers = [
    {file = "sortedcontainers-2.4.0-py2.py3-none-any.whl", hash = "sha256:a163dcaede0f1c021485e957a39245190e74249897e2ae4b2aa38595db237ee0"},
    {file = "sortedcontainers-2.4.0.tar.gz", hash = "sha256:25caa5a06cc30b6b83d11423433f65d1f9d76c4c6a0c90e3379eaa43b9bfdb88"},
]
types-python-dateutil = []
uri-template = []
webcolors = []
