[[package]]
name = "ddt"
version = "1.6.0"
description = "Data-Driven/Decorated Tests"
category = "dev"
optional = false
python-versions = "*"

[[package]]
name = "toml"
version = "0.10.2"
description = "Python Library for Tom's Obvious, Minimal Language"
category = "main"
optional = false
python-versions = ">=2.6, !=3.0.*, !=3.1.*, !=3.2.*"

[metadata]
lock-version = "1.1"
python-versions = "^3.11"
content-hash = "c6714ac009c7394dbcba37e864e27f1341e55be360c97e7f66d3538ceb8eb14f"

[metadata.files]
ddt = [
    {file = "ddt-1.6.0-py2.py3-none-any.whl", hash = "sha256:e3c93b961a108b4f4d5a6c7f2263513d928baf3bb5b32af8e1c804bfb041141d"},
    {file = "ddt-1.6.0.tar.gz", hash = "sha256:f71b348731b8c78c3100bffbd951a769fbd439088d1fdbb3841eee019af80acd"},
]
toml = [
    {file = "toml-0.10.2-py2.py3-none-any.whl", hash = "sha256:806143ae5bfb6a3c6e736a764057db0e6a0e05e338b5630894a5f779cabb4f9b"},
    {file = "toml-0.10.2.tar.gz", hash = "sha256:b3bda1d108d5dd99f4a20d24d9c348e91c4db7ab1b749200bded2f839ccbe68f"},
]
