{
    "_meta": {
        "hash": {
            "sha256": "498d97381afe03b6947ca70d66b122c5f317affbb959a8ee0ca3094f1224556c"
        },
        "pipfile-spec": 6,
        "requires": {},
        "sources": [
            {
                "name": "pypi",
                "url": "https://pypi.org/simple",
                "verify_ssl": true
            }
        ]
    },
    "default": {
        "pillow": {
            "git": "git+https://github.com/python-pillow/Pillow.git",
            "markers": "python_version >= '3.8'",
            "ref": "10.1.0"
        },
        "six": {
            "git": "git+ssh://git@github.com/benjaminp/six.git",
            "markers": "python_version >= '2.7' and python_version not in '3.0, 3.1, 3.2, 3.3'",
            "ref": "65486e4383f9f411da95937451205d3c7b61b9e1"
        },
        "urllib3": {
            "file": "https://github.com/urllib3/urllib3/archive/refs/tags/1.26.8.zip",
            "markers": "python_version >= '3.8'"
        }
    },
    "develop": {}
}
