[[package]]
category = "main"
description = "ruamel.yaml is a YAML parser/emitter that supports roundtrip preservation of comments, seq/map flow style, and map key order"
name = "ruamel-yaml"
optional = false
python-versions = ">=3.7"
version = "0.18.5"

[package.dependencies]
[package.dependencies."ruamel.yaml.clib"]
python = "<3.13"
version = ">=0.2.7"

[package.extras]
docs = ["ryd", "mercurial (>5.7)"]
jinja2 = ["ruamel.yaml.jinja2 (>=0.2)"]

[[package]]
category = "main"
description = "C version of reader, parser and emitter for ruamel.yaml derived from libyaml"
marker = "platform_python_implementation == \"CPython\" and python_version < \"3.13\""
name = "ruamel.yaml.clib"
optional = false
python-versions = ">=3.6"
version = "0.2.8"

[metadata]
content-hash = "fa797e059b6591315ae21c82779786eff79a69e341b3cbd42cf7c34bbe86ff46"
lock-version = "1.0"
python-versions = "^3.8"

[metadata.files]
ruamel-yaml = []
"ruamel.yaml.clib" = []
