[[package]]
name = "arrow"
version = "1.3.0"
description = "Better dates & times for Python"
category = "main"
optional = true
python-versions = ">=3.8"

[package.dependencies]
python-dateutil = ">=2.7.0"
types-python-dateutil = ">=2.8.10"

[package.extras]
doc = ["doc8", "sphinx (>=7.0.0)", "sphinx-autobuild", "sphinx-autodoc-typehints", "sphinx_rtd_theme (>=1.3.0)"]
test = ["dateparser (>=1.0.0,<2.0.0)", "pre-commit", "pytest", "pytest-cov", "pytest-mock", "pytz (==2021.1)", "simplejson (>=3.0.0,<4.0.0)"]

[[package]]
name = "attrs"
version = "24.3.0"
description = "Classes Without Boilerplate"
category = "main"
optional = true
python-versions = ">=3.8"

[package.extras]
benchmark = ["cloudpickle", "hypothesis", "mypy (>=1.11.1)", "pympler", "pytest (>=4.3.0)", "pytest-codspeed", "pytest-mypy-plugins", "pytest-xdist"]
cov = ["cloudpickle", "coverage[toml] (>=5.3)", "hypothesis", "mypy (>=1.11.1)", "pympler", "pytest (>=4.3.0)", "pytest-mypy-plugins", "pytest-xdist"]
dev = ["cloudpickle", "hypothesis", "mypy (>=1.11.1)", "pre-commit-uv", "pympler", "pytest (>=4.3.0)", "pytest-mypy-plugins", "pytest-xdist"]
docs = ["cogapp", "furo", "myst-parser", "sphinx", "sphinx-notfound-page", "sphinxcontrib-towncrier", "towncrier (<24.7)"]
tests = ["cloudpickle", "hypothesis", "mypy (>=1.11.1)", "pympler", "pytest (>=4.3.0)", "pytest-mypy-plugins", "pytest-xdist"]
tests-mypy = ["mypy (>=1.11.1)", "pytest-mypy-plugins"]

[[package]]
name = "boolean.py"
version = "4.0"
description = "Define boolean algebras, create and parse boolean expressions and create custom boolean DSL."
category = "main"
optional = true
python-versions = "*"

[[package]]
name = "cyclonedx-python-lib"
version = "5.1.1"
description = "Python library for CycloneDX"
category = "main"
optional = true
python-versions = ">=3.8,<4.0"

[package.dependencies]
jsonschema = {version = ">=4.18,<5.0", extras = ["format"], optional = true, markers = "extra == \"validation\" or extra == \"json-validation\""}
license-expression = ">=30,<31"
packageurl-python = ">=0.11"
py-serializable = ">=0.15,<0.16"
sortedcontainers = ">=2.4.0,<3.0.0"

[package.extras]
json-validation = ["jsonschema[format] (>=4.18,<5.0)"]
validation = ["jsonschema[format] (>=4.18,<5.0)", "lxml (>=4,<5)"]
xml-validation = ["lxml (>=4,<5)"]

[[package]]
name = "defusedxml"
version = "0.7.1"
description = "XML bomb protection for Python stdlib modules"
category = "main"
optional = true
python-versions = ">=2.7, !=3.0.*, !=3.1.*, !=3.2.*, !=3.3.*, !=3.4.*"

[[package]]
name = "fqdn"
version = "1.5.1"
description = "Validates fully-qualified domain names against RFC 1123, so that they are acceptable to modern bowsers"
category = "main"
optional = true
python-versions = ">=2.7, !=3.0, !=3.1, !=3.2, !=3.3, !=3.4, <4"

[[package]]
name = "idna"
version = "3.10"
description = "Internationalized Domain Names in Applications (IDNA)"
category = "main"
optional = true
python-versions = ">=3.6"

[package.extras]
all = ["flake8 (>=7.1.1)", "mypy (>=1.11.2)", "pytest (>=8.3.2)", "ruff (>=0.6.2)"]

[[package]]
name = "importlib-resources"
version = "6.4.5"
description = "Read resources from Python packages"
category = "main"
optional = true
python-versions = ">=3.8"

[package.dependencies]
zipp = {version = ">=3.1.0", markers = "python_version < \"3.10\""}

[package.extras]
check = ["pytest-checkdocs (>=2.4)", "pytest-ruff (>=0.2.1)"]
cover = ["pytest-cov"]
doc = ["furo", "jaraco.packaging (>=9.3)", "jaraco.tidelift (>=1.4)", "rst.linker (>=1.9)", "sphinx (>=3.5)", "sphinx-lint"]
enabler = ["pytest-enabler (>=2.2)"]
test = ["jaraco.test (>=5.4)", "pytest (>=6,<8.1.0 || >=8.2.0)", "zipp (>=3.17)"]
type = ["pytest-mypy"]

[[package]]
name = "isoduration"
version = "20.11.0"
description = "Operations with ISO 8601 durations"
category = "main"
optional = true
python-versions = ">=3.7"

[package.dependencies]
arrow = ">=0.15.0"

[[package]]
name = "jsonpointer"
version = "3.0.0"
description = "Identify specific nodes in a JSON document (RFC 6901)"
category = "main"
optional = true
python-versions = ">=3.7"

[[package]]
name = "jsonschema"
version = "4.23.0"
description = "An implementation of JSON Schema validation for Python"
category = "main"
optional = true
python-versions = ">=3.8"

[package.dependencies]
attrs = ">=22.2.0"
fqdn = {version = "*", optional = true, markers = "extra == \"format\""}
idna = {version = "*", optional = true, markers = "extra == \"format\""}
importlib-resources = {version = ">=1.4.0", markers = "python_version < \"3.9\""}
isoduration = {version = "*", optional = true, markers = "extra == \"format\""}
jsonpointer = {version = ">1.13", optional = true, markers = "extra == \"format\""}
jsonschema-specifications = ">=2023.03.6"
pkgutil-resolve-name = {version = ">=1.3.10", markers = "python_version < \"3.9\""}
referencing = ">=0.28.4"
rfc3339-validator = {version = "*", optional = true, markers = "extra == \"format\""}
rfc3987 = {version = "*", optional = true, markers = "extra == \"format\""}
rpds-py = ">=0.7.1"
uri-template = {version = "*", optional = true, markers = "extra == \"format\""}
webcolors = {version = ">=1.11", optional = true, markers = "extra == \"format\""}

[package.extras]
format = ["fqdn", "idna", "isoduration", "jsonpointer (>1.13)", "rfc3339-validator", "rfc3987", "uri-template", "webcolors (>=1.11)"]
format-nongpl = ["fqdn", "idna", "isoduration", "jsonpointer (>1.13)", "rfc3339-validator", "rfc3986-validator (>0.1.0)", "uri-template", "webcolors (>=24.6.0)"]

[[package]]
name = "jsonschema-specifications"
version = "2023.12.1"
description = "The JSON Schema meta-schemas and vocabularies, exposed as a Registry"
category = "main"
optional = true
python-versions = ">=3.8"

[package.dependencies]
importlib-resources = {version = ">=1.4.0", markers = "python_version < \"3.9\""}
referencing = ">=0.31.0"

[[package]]
name = "license-expression"
version = "30.3.1"
description = "license-expression is a comprehensive utility library to parse, compare, simplify and normalize license expressions (such as SPDX license expressions) using boolean logic."
category = "main"
optional = true
python-versions = ">=3.8"

[package.dependencies]
"boolean.py" = ">=4.0"

[package.extras]
docs = ["Sphinx (>=5.0.2)", "doc8 (>=0.11.2)", "sphinx-autobuild", "sphinx-copybutton", "sphinx-reredirects (>=0.1.2)", "sphinx-rtd-dark-mode (>=1.3.0)", "sphinx-rtd-theme (>=1.0.0)", "sphinxcontrib-apidoc (>=0.4.0)"]
testing = ["black", "isort", "pytest (>=6,!=7.0.0)", "pytest-xdist (>=2)", "twine"]

[[package]]
name = "packageurl-python"
version = "0.16.0"
description = "A purl aka. Package URL parser and builder"
category = "main"
optional = true
python-versions = ">=3.8"

[package.extras]
build = ["setuptools", "wheel"]
lint = ["black", "isort", "mypy"]
sqlalchemy = ["sqlalchemy (>=2.0.0)"]
test = ["pytest"]

[[package]]
name = "pkgutil-resolve-name"
version = "1.3.10"
description = "Resolve a name to an object."
category = "main"
optional = true
python-versions = ">=3.6"

[[package]]
name = "py-serializable"
version = "0.15.0"
description = "Library for serializing and deserializing Python Objects to and from JSON and XML."
category = "main"
optional = true
python-versions = ">=3.7,<4.0"

[package.dependencies]
defusedxml = ">=0.7.1,<0.8.0"

[[package]]
name = "python-dateutil"
version = "2.9.0.post0"
description = "Extensions to the standard Python datetime module"
category = "main"
optional = true
python-versions = "!=3.0.*,!=3.1.*,!=3.2.*,>=2.7"

[package.dependencies]
six = ">=1.5"

[[package]]
name = "referencing"
version = "0.35.1"
description = "JSON Referencing + Python"
category = "main"
optional = true
python-versions = ">=3.8"

[package.dependencies]
attrs = ">=22.2.0"
rpds-py = ">=0.7.0"

[[package]]
name = "rfc3339-validator"
version = "0.1.4"
description = "A pure python RFC3339 validator"
category = "main"
optional = true
python-versions = ">=2.7, !=3.0.*, !=3.1.*, !=3.2.*, !=3.3.*, !=3.4.*"

[package.dependencies]
six = "*"

[[package]]
name = "rfc3987"
version = "1.3.8"
description = "Parsing and validation of URIs (RFC 3986) and IRIs (RFC 3987)"
category = "main"
optional = true
python-versions = "*"

[[package]]
name = "rpds-py"
version = "0.20.1"
description = "Python bindings to Rust's persistent data structures (rpds)"
category = "main"
optional = true
python-versions = ">=3.8"

[[package]]
name = "six"
version = "1.17.0"
description = "Python 2 and 3 compatibility utilities"
category = "main"
optional = true
python-versions = "!=3.0.*,!=3.1.*,!=3.2.*,>=2.7"

[[package]]
name = "sortedcontainers"
version = "2.4.0"
description = "Sorted Containers -- Sorted List, Sorted Dict, Sorted Set"
category = "main"
optional = true
python-versions = "*"

[[package]]
name = "tomli"
version = "2.2.1"
description = "A lil' TOML parser"
category = "main"
optional = true
python-versions = ">=3.8"

[[package]]
name = "types-python-dateutil"
version = "2.9.0.20241206"
description = "Typing stubs for python-dateutil"
category = "main"
optional = true
python-versions = ">=3.8"

[[package]]
name = "uri-template"
version = "1.3.0"
description = "RFC 6570 URI Template Processor"
category = "main"
optional = true
python-versions = ">=3.7"

[package.extras]
dev = ["flake8", "flake8-annotations", "flake8-bandit", "flake8-bugbear", "flake8-commas", "flake8-comprehensions", "flake8-continuation", "flake8-datetimez", "flake8-docstrings", "flake8-import-order", "flake8-literal", "flake8-modern-annotations", "flake8-noqa", "flake8-pyproject", "flake8-requirements", "flake8-typechecking-import", "flake8-use-fstring", "mypy", "pep8-naming", "types-pyyaml"]

[[package]]
name = "webcolors"
version = "24.8.0"
description = "A library for working with the color formats defined by HTML and CSS."
category = "main"
optional = true
python-versions = ">=3.8"

[package.extras]
docs = ["furo", "sphinx", "sphinx-copybutton", "sphinx-inline-tabs", "sphinx-notfound-page", "sphinxext-opengraph"]
tests = ["coverage"]

[[package]]
name = "zipp"
version = "3.20.2"
description = "Backport of pathlib-compatible object wrapper for zip files"
category = "main"
optional = true
python-versions = ">=3.8"

[package.extras]
check = ["pytest-checkdocs (>=2.4)", "pytest-ruff (>=0.2.1)"]
cover = ["pytest-cov"]
doc = ["furo", "jaraco.packaging (>=9.3)", "jaraco.tidelift (>=1.4)", "rst.linker (>=1.9)", "sphinx (>=3.5)", "sphinx-lint"]
enabler = ["pytest-enabler (>=2.2)"]
test = ["big-o", "importlib-resources", "jaraco.functools", "jaraco.itertools", "jaraco.test", "more-itertools", "pytest (>=6,<8.1.0 || >=8.2.0)", "pytest-ignore-flaky"]
type = ["pytest-mypy"]

[extras]
foo = []
my-extra = ["cyclonedx-python-lib"]
toml = ["tomli"]

[metadata]
lock-version = "1.1"
python-versions = "^3.8"
content-hash = "e78039e005bd5e9e0bf793d1140dd5702e51e95bfbc5732eb4e3ea825238741f"

[metadata.files]
arrow = [
    {file = "arrow-1.3.0-py3-none-any.whl", hash = "sha256:c728b120ebc00eb84e01882a6f5e7927a53960aa990ce7dd2b10f39005a67f80"},
    {file = "arrow-1.3.0.tar.gz", hash = "sha256:d4540617648cb5f895730f1ad8c82a65f2dad0166f57b75f3ca54759c4d67a85"},
]
attrs = [
    {file = "attrs-24.3.0-py3-none-any.whl", hash = "sha256:ac96cd038792094f438ad1f6ff80837353805ac950cd2aa0e0625ef19850c308"},
    {file = "attrs-24.3.0.tar.gz", hash = "sha256:8f5c07333d543103541ba7be0e2ce16eeee8130cb0b3f9238ab904ce1e85baff"},
]
"boolean.py" = [
    {file = "boolean.py-4.0-py3-none-any.whl", hash = "sha256:2876f2051d7d6394a531d82dc6eb407faa0b01a0a0b3083817ccd7323b8d96bd"},
    {file = "boolean.py-4.0.tar.gz", hash = "sha256:17b9a181630e43dde1851d42bef546d616d5d9b4480357514597e78b203d06e4"},
]
cyclonedx-python-lib = [
    {file = "cyclonedx_python_lib-5.1.1-py3-none-any.whl", hash = "sha256:2989db0cd8bb4c0c442423d71ed7a84ae059e16a2d0f932cc4bf92da7385cdb3"},
    {file = "cyclonedx_python_lib-5.1.1.tar.gz", hash = "sha256:215a636a4e77385d2cf4c6c9801c9bad4791849634f2c6daa45ab2c6cb0a85f6"},
]
defusedxml = [
    {file = "defusedxml-0.7.1-py2.py3-none-any.whl", hash = "sha256:a352e7e428770286cc899e2542b6cdaedb2b4953ff269a210103ec58f6198a61"},
    {file = "defusedxml-0.7.1.tar.gz", hash = "sha256:1bb3032db185915b62d7c6209c5a8792be6a32ab2fedacc84e01b52c51aa3e69"},
]
fqdn = [
    {file = "fqdn-1.5.1-py3-none-any.whl", hash = "sha256:3a179af3761e4df6eb2e026ff9e1a3033d3587bf980a0b1b2e1e5d08d7358014"},
    {file = "fqdn-1.5.1.tar.gz", hash = "sha256:105ed3677e767fb5ca086a0c1f4bb66ebc3c100be518f0e0d755d9eae164d89f"},
]
idna = [
    {file = "idna-3.10-py3-none-any.whl", hash = "sha256:946d195a0d259cbba61165e88e65941f16e9b36ea6ddb97f00452bae8b1287d3"},
    {file = "idna-3.10.tar.gz", hash = "sha256:12f65c9b470abda6dc35cf8e63cc574b1c52b11df2c86030af0ac09b01b13ea9"},
]
importlib-resources = [
    {file = "importlib_resources-6.4.5-py3-none-any.whl", hash = "sha256:ac29d5f956f01d5e4bb63102a5a19957f1b9175e45649977264a1416783bb717"},
    {file = "importlib_resources-6.4.5.tar.gz", hash = "sha256:980862a1d16c9e147a59603677fa2aa5fd82b87f223b6cb870695bcfce830065"},
]
isoduration = [
    {file = "isoduration-20.11.0-py3-none-any.whl", hash = "sha256:b2904c2a4228c3d44f409c8ae8e2370eb21a26f7ac2ec5446df141dde3452042"},
    {file = "isoduration-20.11.0.tar.gz", hash = "sha256:ac2f9015137935279eac671f94f89eb00584f940f5dc49462a0c4ee692ba1bd9"},
]
jsonpointer = [
    {file = "jsonpointer-3.0.0-py2.py3-none-any.whl", hash = "sha256:13e088adc14fca8b6aa8177c044e12701e6ad4b28ff10e65f2267a90109c9942"},
    {file = "jsonpointer-3.0.0.tar.gz", hash = "sha256:2b2d729f2091522d61c3b31f82e11870f60b68f43fbc705cb76bf4b832af59ef"},
]
jsonschema = [
    {file = "jsonschema-4.23.0-py3-none-any.whl", hash = "sha256:fbadb6f8b144a8f8cf9f0b89ba94501d143e50411a1278633f56a7acf7fd5566"},
    {file = "jsonschema-4.23.0.tar.gz", hash = "sha256:d71497fef26351a33265337fa77ffeb82423f3ea21283cd9467bb03999266bc4"},
]
jsonschema-specifications = [
    {file = "jsonschema_specifications-2023.12.1-py3-none-any.whl", hash = "sha256:87e4fdf3a94858b8a2ba2778d9ba57d8a9cafca7c7489c46ba0d30a8bc6a9c3c"},
    {file = "jsonschema_specifications-2023.12.1.tar.gz", hash = "sha256:48a76787b3e70f5ed53f1160d2b81f586e4ca6d1548c5de7085d1682674764cc"},
]
license-expression = [
    {file = "license_expression-30.3.1-py3-none-any.whl", hash = "sha256:97904b9185c7bbb1e98799606fa7424191c375e70ba63a524b6f7100e42ddc46"},
    {file = "license_expression-30.3.1.tar.gz", hash = "sha256:60d5bec1f3364c256a92b9a08583d7ea933c7aa272c8d36d04144a89a3858c01"},
]
packageurl-python = [
    {file = "packageurl_python-0.16.0-py3-none-any.whl", hash = "sha256:5c3872638b177b0f1cf01c3673017b7b27ebee485693ae12a8bed70fa7fa7c35"},
    {file = "packageurl_python-0.16.0.tar.gz", hash = "sha256:69e3bf8a3932fe9c2400f56aaeb9f86911ecee2f9398dbe1b58ec34340be365d"},
]
pkgutil-resolve-name = [
    {file = "pkgutil_resolve_name-1.3.10-py3-none-any.whl", hash = "sha256:ca27cc078d25c5ad71a9de0a7a330146c4e014c2462d9af19c6b828280649c5e"},
    {file = "pkgutil_resolve_name-1.3.10.tar.gz", hash = "sha256:357d6c9e6a755653cfd78893817c0853af365dd51ec97f3d358a819373bbd174"},
]
py-serializable = [
    {file = "py-serializable-0.15.0.tar.gz", hash = "sha256:8fc41457d8ee5f5c5a12f41fd87bf1a4f2ecf9da39fee92059b728e78f320771"},
    {file = "py_serializable-0.15.0-py3-none-any.whl", hash = "sha256:d3f1201b33420c481aa83f7860c7bf2c2f036ba3ea82b6e15a96696457c36cd2"},
]
python-dateutil = [
    {file = "python-dateutil-2.9.0.post0.tar.gz", hash = "sha256:37dd54208da7e1cd875388217d5e00ebd4179249f90fb72437e91a35459a0ad3"},
    {file = "python_dateutil-2.9.0.post0-py2.py3-none-any.whl", hash = "sha256:a8b2bc7bffae282281c8140a97d3aa9c14da0b136dfe83f850eea9a5f7470427"},
]
referencing = [
    {file = "referencing-0.35.1-py3-none-any.whl", hash = "sha256:eda6d3234d62814d1c64e305c1331c9a3a6132da475ab6382eaa997b21ee75de"},
    {file = "referencing-0.35.1.tar.gz", hash = "sha256:25b42124a6c8b632a425174f24087783efb348a6f1e0008e63cd4466fedf703c"},
]
rfc3339-validator = [
    {file = "rfc3339_validator-0.1.4-py2.py3-none-any.whl", hash = "sha256:24f6ec1eda14ef823da9e36ec7113124b39c04d50a4d3d3a3c2859577e7791fa"},
    {file = "rfc3339_validator-0.1.4.tar.gz", hash = "sha256:138a2abdf93304ad60530167e51d2dfb9549521a836871b88d7f4695d0022f6b"},
]
rfc3987 = [
    {file = "rfc3987-1.3.8-py2.py3-none-any.whl", hash = "sha256:10702b1e51e5658843460b189b185c0366d2cf4cff716f13111b0ea9fd2dce53"},
    {file = "rfc3987-1.3.8.tar.gz", hash = "sha256:d3c4d257a560d544e9826b38bc81db676890c79ab9d7ac92b39c7a253d5ca733"},
]
rpds-py = [
    {file = "rpds_py-0.20.1-cp310-cp310-macosx_10_12_x86_64.whl", hash = "sha256:a649dfd735fff086e8a9d0503a9f0c7d01b7912a333c7ae77e1515c08c146dad"},
    {file = "rpds_py-0.20.1-cp310-cp310-macosx_11_0_arm64.whl", hash = "sha256:f16bc1334853e91ddaaa1217045dd7be166170beec337576818461268a3de67f"},
    {file = "rpds_py-0.20.1-cp310-cp310-manylinux_2_17_aarch64.manylinux2014_aarch64.whl", hash = "sha256:14511a539afee6f9ab492b543060c7491c99924314977a55c98bfa2ee29ce78c"},
    {file = "rpds_py-0.20.1-cp310-cp310-manylinux_2_17_armv7l.manylinux2014_armv7l.whl", hash = "sha256:3ccb8ac2d3c71cda472b75af42818981bdacf48d2e21c36331b50b4f16930163"},
    {file = "rpds_py-0.20.1-cp310-cp310-manylinux_2_17_ppc64le.manylinux2014_ppc64le.whl", hash = "sha256:c142b88039b92e7e0cb2552e8967077e3179b22359e945574f5e2764c3953dcf"},
    {file = "rpds_py-0.20.1-cp310-cp310-manylinux_2_17_s390x.manylinux2014_s390x.whl", hash = "sha256:f19169781dddae7478a32301b499b2858bc52fc45a112955e798ee307e294977"},
    {file = "rpds_py-0.20.1-cp310-cp310-manylinux_2_17_x86_64.manylinux2014_x86_64.whl", hash = "sha256:13c56de6518e14b9bf6edde23c4c39dac5b48dcf04160ea7bce8fca8397cdf86"},
    {file = "rpds_py-0.20.1-cp310-cp310-manylinux_2_5_i686.manylinux1_i686.whl", hash = "sha256:925d176a549f4832c6f69fa6026071294ab5910e82a0fe6c6228fce17b0706bd"},
    {file = "rpds_py-0.20.1-cp310-cp310-musllinux_1_2_aarch64.whl", hash = "sha256:78f0b6877bfce7a3d1ff150391354a410c55d3cdce386f862926a4958ad5ab7e"},
    {file = "rpds_py-0.20.1-cp310-cp310-musllinux_1_2_i686.whl", hash = "sha256:3dd645e2b0dcb0fd05bf58e2e54c13875847687d0b71941ad2e757e5d89d4356"},
    {file = "rpds_py-0.20.1-cp310-cp310-musllinux_1_2_x86_64.whl", hash = "sha256:4f676e21db2f8c72ff0936f895271e7a700aa1f8d31b40e4e43442ba94973899"},
    {file = "rpds_py-0.20.1-cp310-none-win32.whl", hash = "sha256:648386ddd1e19b4a6abab69139b002bc49ebf065b596119f8f37c38e9ecee8ff"},
    {file = "rpds_py-0.20.1-cp310-none-win_amd64.whl", hash = "sha256:d9ecb51120de61e4604650666d1f2b68444d46ae18fd492245a08f53ad2b7711"},
    {file = "rpds_py-0.20.1-cp311-cp311-macosx_10_12_x86_64.whl", hash = "sha256:762703bdd2b30983c1d9e62b4c88664df4a8a4d5ec0e9253b0231171f18f6d75"},
    {file = "rpds_py-0.20.1-cp311-cp311-macosx_11_0_arm64.whl", hash = "sha256:0b581f47257a9fce535c4567782a8976002d6b8afa2c39ff616edf87cbeff712"},
    {file = "rpds_py-0.20.1-cp311-cp311-manylinux_2_17_aarch64.manylinux2014_aarch64.whl", hash = "sha256:842c19a6ce894493563c3bd00d81d5100e8e57d70209e84d5491940fdb8b9e3a"},
    {file = "rpds_py-0.20.1-cp311-cp311-manylinux_2_17_armv7l.manylinux2014_armv7l.whl", hash = "sha256:42cbde7789f5c0bcd6816cb29808e36c01b960fb5d29f11e052215aa85497c93"},
    {file = "rpds_py-0.20.1-cp311-cp311-manylinux_2_17_ppc64le.manylinux2014_ppc64le.whl", hash = "sha256:6c8e9340ce5a52f95fa7d3b552b35c7e8f3874d74a03a8a69279fd5fca5dc751"},
    {file = "rpds_py-0.20.1-cp311-cp311-manylinux_2_17_s390x.manylinux2014_s390x.whl", hash = "sha256:8ba6f89cac95c0900d932c9efb7f0fb6ca47f6687feec41abcb1bd5e2bd45535"},
    {file = "rpds_py-0.20.1-cp311-cp311-manylinux_2_17_x86_64.manylinux2014_x86_64.whl", hash = "sha256:4a916087371afd9648e1962e67403c53f9c49ca47b9680adbeef79da3a7811b0"},
    {file = "rpds_py-0.20.1-cp311-cp311-manylinux_2_5_i686.manylinux1_i686.whl", hash = "sha256:200a23239781f46149e6a415f1e870c5ef1e712939fe8fa63035cd053ac2638e"},
    {file = "rpds_py-0.20.1-cp311-cp311-musllinux_1_2_aarch64.whl", hash = "sha256:58b1d5dd591973d426cbb2da5e27ba0339209832b2f3315928c9790e13f159e8"},
    {file = "rpds_py-0.20.1-cp311-cp311-musllinux_1_2_i686.whl", hash = "sha256:6b73c67850ca7cae0f6c56f71e356d7e9fa25958d3e18a64927c2d930859b8e4"},
    {file = "rpds_py-0.20.1-cp311-cp311-musllinux_1_2_x86_64.whl", hash = "sha256:d8761c3c891cc51e90bc9926d6d2f59b27beaf86c74622c8979380a29cc23ac3"},
    {file = "rpds_py-0.20.1-cp311-none-win32.whl", hash = "sha256:cd945871335a639275eee904caef90041568ce3b42f402c6959b460d25ae8732"},
    {file = "rpds_py-0.20.1-cp311-none-win_amd64.whl", hash = "sha256:7e21b7031e17c6b0e445f42ccc77f79a97e2687023c5746bfb7a9e45e0921b84"},
    {file = "rpds_py-0.20.1-cp312-cp312-macosx_10_12_x86_64.whl", hash = "sha256:36785be22066966a27348444b40389f8444671630063edfb1a2eb04318721e17"},
    {file = "rpds_py-0.20.1-cp312-cp312-macosx_11_0_arm64.whl", hash = "sha256:142c0a5124d9bd0e2976089484af5c74f47bd3298f2ed651ef54ea728d2ea42c"},
    {file = "rpds_py-0.20.1-cp312-cp312-manylinux_2_17_aarch64.manylinux2014_aarch64.whl", hash = "sha256:dbddc10776ca7ebf2a299c41a4dde8ea0d8e3547bfd731cb87af2e8f5bf8962d"},
    {file = "rpds_py-0.20.1-cp312-cp312-manylinux_2_17_armv7l.manylinux2014_armv7l.whl", hash = "sha256:15a842bb369e00295392e7ce192de9dcbf136954614124a667f9f9f17d6a216f"},
    {file = "rpds_py-0.20.1-cp312-cp312-manylinux_2_17_ppc64le.manylinux2014_ppc64le.whl", hash = "sha256:be5ef2f1fc586a7372bfc355986226484e06d1dc4f9402539872c8bb99e34b01"},
    {file = "rpds_py-0.20.1-cp312-cp312-manylinux_2_17_s390x.manylinux2014_s390x.whl", hash = "sha256:dbcf360c9e3399b056a238523146ea77eeb2a596ce263b8814c900263e46031a"},
    {file = "rpds_py-0.20.1-cp312-cp312-manylinux_2_17_x86_64.manylinux2014_x86_64.whl", hash = "sha256:ecd27a66740ffd621d20b9a2f2b5ee4129a56e27bfb9458a3bcc2e45794c96cb"},
    {file = "rpds_py-0.20.1-cp312-cp312-manylinux_2_5_i686.manylinux1_i686.whl", hash = "sha256:d0b937b2a1988f184a3e9e577adaa8aede21ec0b38320d6009e02bd026db04fa"},
    {file = "rpds_py-0.20.1-cp312-cp312-musllinux_1_2_aarch64.whl", hash = "sha256:6889469bfdc1eddf489729b471303739bf04555bb151fe8875931f8564309afc"},
    {file = "rpds_py-0.20.1-cp312-cp312-musllinux_1_2_i686.whl", hash = "sha256:19b73643c802f4eaf13d97f7855d0fb527fbc92ab7013c4ad0e13a6ae0ed23bd"},
    {file = "rpds_py-0.20.1-cp312-cp312-musllinux_1_2_x86_64.whl", hash = "sha256:3c6afcf2338e7f374e8edc765c79fbcb4061d02b15dd5f8f314a4af2bdc7feb5"},
    {file = "rpds_py-0.20.1-cp312-none-win32.whl", hash = "sha256:dc73505153798c6f74854aba69cc75953888cf9866465196889c7cdd351e720c"},
    {file = "rpds_py-0.20.1-cp312-none-win_amd64.whl", hash = "sha256:8bbe951244a838a51289ee53a6bae3a07f26d4e179b96fc7ddd3301caf0518eb"},
    {file = "rpds_py-0.20.1-cp313-cp313-macosx_10_12_x86_64.whl", hash = "sha256:6ca91093a4a8da4afae7fe6a222c3b53ee4eef433ebfee4d54978a103435159e"},
    {file = "rpds_py-0.20.1-cp313-cp313-macosx_11_0_arm64.whl", hash = "sha256:b9c2fe36d1f758b28121bef29ed1dee9b7a2453e997528e7d1ac99b94892527c"},
    {file = "rpds_py-0.20.1-cp313-cp313-manylinux_2_17_aarch64.manylinux2014_aarch64.whl", hash = "sha256:f009c69bc8c53db5dfab72ac760895dc1f2bc1b62ab7408b253c8d1ec52459fc"},
    {file = "rpds_py-0.20.1-cp313-cp313-manylinux_2_17_armv7l.manylinux2014_armv7l.whl", hash = "sha256:6740a3e8d43a32629bb9b009017ea5b9e713b7210ba48ac8d4cb6d99d86c8ee8"},
    {file = "rpds_py-0.20.1-cp313-cp313-manylinux_2_17_ppc64le.manylinux2014_ppc64le.whl", hash = "sha256:32b922e13d4c0080d03e7b62991ad7f5007d9cd74e239c4b16bc85ae8b70252d"},
    {file = "rpds_py-0.20.1-cp313-cp313-manylinux_2_17_s390x.manylinux2014_s390x.whl", hash = "sha256:fe00a9057d100e69b4ae4a094203a708d65b0f345ed546fdef86498bf5390982"},
    {file = "rpds_py-0.20.1-cp313-cp313-manylinux_2_17_x86_64.manylinux2014_x86_64.whl", hash = "sha256:49fe9b04b6fa685bd39237d45fad89ba19e9163a1ccaa16611a812e682913496"},
    {file = "rpds_py-0.20.1-cp313-cp313-manylinux_2_5_i686.manylinux1_i686.whl", hash = "sha256:aa7ac11e294304e615b43f8c441fee5d40094275ed7311f3420d805fde9b07b4"},
    {file = "rpds_py-0.20.1-cp313-cp313-musllinux_1_2_aarch64.whl", hash = "sha256:6aa97af1558a9bef4025f8f5d8c60d712e0a3b13a2fe875511defc6ee77a1ab7"},
    {file = "rpds_py-0.20.1-cp313-cp313-musllinux_1_2_i686.whl", hash = "sha256:483b29f6f7ffa6af845107d4efe2e3fa8fb2693de8657bc1849f674296ff6a5a"},
    {file = "rpds_py-0.20.1-cp313-cp313-musllinux_1_2_x86_64.whl", hash = "sha256:37fe0f12aebb6a0e3e17bb4cd356b1286d2d18d2e93b2d39fe647138458b4bcb"},
    {file = "rpds_py-0.20.1-cp313-none-win32.whl", hash = "sha256:a624cc00ef2158e04188df5e3016385b9353638139a06fb77057b3498f794782"},
    {file = "rpds_py-0.20.1-cp313-none-win_amd64.whl", hash = "sha256:b71b8666eeea69d6363248822078c075bac6ed135faa9216aa85f295ff009b1e"},
    {file = "rpds_py-0.20.1-cp38-cp38-macosx_10_12_x86_64.whl", hash = "sha256:5b48e790e0355865197ad0aca8cde3d8ede347831e1959e158369eb3493d2191"},
    {file = "rpds_py-0.20.1-cp38-cp38-macosx_11_0_arm64.whl", hash = "sha256:3e310838a5801795207c66c73ea903deda321e6146d6f282e85fa7e3e4854804"},
    {file = "rpds_py-0.20.1-cp38-cp38-manylinux_2_17_aarch64.manylinux2014_aarch64.whl", hash = "sha256:2249280b870e6a42c0d972339e9cc22ee98730a99cd7f2f727549af80dd5a963"},
    {file = "rpds_py-0.20.1-cp38-cp38-manylinux_2_17_armv7l.manylinux2014_armv7l.whl", hash = "sha256:e79059d67bea28b53d255c1437b25391653263f0e69cd7dec170d778fdbca95e"},
    {file = "rpds_py-0.20.1-cp38-cp38-manylinux_2_17_ppc64le.manylinux2014_ppc64le.whl", hash = "sha256:2b431c777c9653e569986ecf69ff4a5dba281cded16043d348bf9ba505486f36"},
    {file = "rpds_py-0.20.1-cp38-cp38-manylinux_2_17_s390x.manylinux2014_s390x.whl", hash = "sha256:da584ff96ec95e97925174eb8237e32f626e7a1a97888cdd27ee2f1f24dd0ad8"},
    {file = "rpds_py-0.20.1-cp38-cp38-manylinux_2_17_x86_64.manylinux2014_x86_64.whl", hash = "sha256:02a0629ec053fc013808a85178524e3cb63a61dbc35b22499870194a63578fb9"},
    {file = "rpds_py-0.20.1-cp38-cp38-manylinux_2_5_i686.manylinux1_i686.whl", hash = "sha256:fbf15aff64a163db29a91ed0868af181d6f68ec1a3a7d5afcfe4501252840bad"},
    {file = "rpds_py-0.20.1-cp38-cp38-musllinux_1_2_aarch64.whl", hash = "sha256:07924c1b938798797d60c6308fa8ad3b3f0201802f82e4a2c41bb3fafb44cc28"},
    {file = "rpds_py-0.20.1-cp38-cp38-musllinux_1_2_i686.whl", hash = "sha256:4a5a844f68776a7715ecb30843b453f07ac89bad393431efbf7accca3ef599c1"},
    {file = "rpds_py-0.20.1-cp38-cp38-musllinux_1_2_x86_64.whl", hash = "sha256:518d2ca43c358929bf08f9079b617f1c2ca6e8848f83c1225c88caeac46e6cbc"},
    {file = "rpds_py-0.20.1-cp38-none-win32.whl", hash = "sha256:3aea7eed3e55119635a74bbeb80b35e776bafccb70d97e8ff838816c124539f1"},
    {file = "rpds_py-0.20.1-cp38-none-win_amd64.whl", hash = "sha256:7dca7081e9a0c3b6490a145593f6fe3173a94197f2cb9891183ef75e9d64c425"},
    {file = "rpds_py-0.20.1-cp39-cp39-macosx_10_12_x86_64.whl", hash = "sha256:b41b6321805c472f66990c2849e152aff7bc359eb92f781e3f606609eac877ad"},
    {file = "rpds_py-0.20.1-cp39-cp39-macosx_11_0_arm64.whl", hash = "sha256:0a90c373ea2975519b58dece25853dbcb9779b05cc46b4819cb1917e3b3215b6"},
    {file = "rpds_py-0.20.1-cp39-cp39-manylinux_2_17_aarch64.manylinux2014_aarch64.whl", hash = "sha256:16d4477bcb9fbbd7b5b0e4a5d9b493e42026c0bf1f06f723a9353f5153e75d30"},
    {file = "rpds_py-0.20.1-cp39-cp39-manylinux_2_17_armv7l.manylinux2014_armv7l.whl", hash = "sha256:84b8382a90539910b53a6307f7c35697bc7e6ffb25d9c1d4e998a13e842a5e83"},
    {file = "rpds_py-0.20.1-cp39-cp39-manylinux_2_17_ppc64le.manylinux2014_ppc64le.whl", hash = "sha256:4888e117dd41b9d34194d9e31631af70d3d526efc363085e3089ab1a62c32ed1"},
    {file = "rpds_py-0.20.1-cp39-cp39-manylinux_2_17_s390x.manylinux2014_s390x.whl", hash = "sha256:5265505b3d61a0f56618c9b941dc54dc334dc6e660f1592d112cd103d914a6db"},
    {file = "rpds_py-0.20.1-cp39-cp39-manylinux_2_17_x86_64.manylinux2014_x86_64.whl", hash = "sha256:e75ba609dba23f2c95b776efb9dd3f0b78a76a151e96f96cc5b6b1b0004de66f"},
    {file = "rpds_py-0.20.1-cp39-cp39-manylinux_2_5_i686.manylinux1_i686.whl", hash = "sha256:1791ff70bc975b098fe6ecf04356a10e9e2bd7dc21fa7351c1742fdeb9b4966f"},
    {file = "rpds_py-0.20.1-cp39-cp39-musllinux_1_2_aarch64.whl", hash = "sha256:d126b52e4a473d40232ec2052a8b232270ed1f8c9571aaf33f73a14cc298c24f"},
    {file = "rpds_py-0.20.1-cp39-cp39-musllinux_1_2_i686.whl", hash = "sha256:c14937af98c4cc362a1d4374806204dd51b1e12dded1ae30645c298e5a5c4cb1"},
    {file = "rpds_py-0.20.1-cp39-cp39-musllinux_1_2_x86_64.whl", hash = "sha256:3d089d0b88996df627693639d123c8158cff41c0651f646cd8fd292c7da90eaf"},
    {file = "rpds_py-0.20.1-cp39-none-win32.whl", hash = "sha256:653647b8838cf83b2e7e6a0364f49af96deec64d2a6578324db58380cff82aca"},
    {file = "rpds_py-0.20.1-cp39-none-win_amd64.whl", hash = "sha256:fa41a64ac5b08b292906e248549ab48b69c5428f3987b09689ab2441f267d04d"},
    {file = "rpds_py-0.20.1-pp310-pypy310_pp73-macosx_10_12_x86_64.whl", hash = "sha256:7a07ced2b22f0cf0b55a6a510078174c31b6d8544f3bc00c2bcee52b3d613f74"},
    {file = "rpds_py-0.20.1-pp310-pypy310_pp73-macosx_11_0_arm64.whl", hash = "sha256:68cb0a499f2c4a088fd2f521453e22ed3527154136a855c62e148b7883b99f9a"},
    {file = "rpds_py-0.20.1-pp310-pypy310_pp73-manylinux_2_17_aarch64.manylinux2014_aarch64.whl", hash = "sha256:fa3060d885657abc549b2a0f8e1b79699290e5d83845141717c6c90c2df38311"},
    {file = "rpds_py-0.20.1-pp310-pypy310_pp73-manylinux_2_17_armv7l.manylinux2014_armv7l.whl", hash = "sha256:95f3b65d2392e1c5cec27cff08fdc0080270d5a1a4b2ea1d51d5f4a2620ff08d"},
    {file = "rpds_py-0.20.1-pp310-pypy310_pp73-manylinux_2_17_ppc64le.manylinux2014_ppc64le.whl", hash = "sha256:2cc3712a4b0b76a1d45a9302dd2f53ff339614b1c29603a911318f2357b04dd2"},
    {file = "rpds_py-0.20.1-pp310-pypy310_pp73-manylinux_2_17_s390x.manylinux2014_s390x.whl", hash = "sha256:5d4eea0761e37485c9b81400437adb11c40e13ef513375bbd6973e34100aeb06"},
    {file = "rpds_py-0.20.1-pp310-pypy310_pp73-manylinux_2_17_x86_64.manylinux2014_x86_64.whl", hash = "sha256:7f5179583d7a6cdb981151dd349786cbc318bab54963a192692d945dd3f6435d"},
    {file = "rpds_py-0.20.1-pp310-pypy310_pp73-manylinux_2_5_i686.manylinux1_i686.whl", hash = "sha256:2fbb0ffc754490aff6dabbf28064be47f0f9ca0b9755976f945214965b3ace7e"},
    {file = "rpds_py-0.20.1-pp310-pypy310_pp73-musllinux_1_2_aarch64.whl", hash = "sha256:a94e52537a0e0a85429eda9e49f272ada715506d3b2431f64b8a3e34eb5f3e75"},
    {file = "rpds_py-0.20.1-pp310-pypy310_pp73-musllinux_1_2_i686.whl", hash = "sha256:92b68b79c0da2a980b1c4197e56ac3dd0c8a149b4603747c4378914a68706979"},
    {file = "rpds_py-0.20.1-pp310-pypy310_pp73-musllinux_1_2_x86_64.whl", hash = "sha256:93da1d3db08a827eda74356f9f58884adb254e59b6664f64cc04cdff2cc19b0d"},
    {file = "rpds_py-0.20.1-pp310-pypy310_pp73-win_amd64.whl", hash = "sha256:754bbed1a4ca48479e9d4182a561d001bbf81543876cdded6f695ec3d465846b"},
    {file = "rpds_py-0.20.1-pp39-pypy39_pp73-macosx_10_12_x86_64.whl", hash = "sha256:ca449520e7484534a2a44faf629362cae62b660601432d04c482283c47eaebab"},
    {file = "rpds_py-0.20.1-pp39-pypy39_pp73-macosx_11_0_arm64.whl", hash = "sha256:9c4cb04a16b0f199a8c9bf807269b2f63b7b5b11425e4a6bd44bd6961d28282c"},
    {file = "rpds_py-0.20.1-pp39-pypy39_pp73-manylinux_2_17_aarch64.manylinux2014_aarch64.whl", hash = "sha256:bb63804105143c7e24cee7db89e37cb3f3941f8e80c4379a0b355c52a52b6780"},
    {file = "rpds_py-0.20.1-pp39-pypy39_pp73-manylinux_2_17_armv7l.manylinux2014_armv7l.whl", hash = "sha256:55cd1fa4ecfa6d9f14fbd97ac24803e6f73e897c738f771a9fe038f2f11ff07c"},
    {file = "rpds_py-0.20.1-pp39-pypy39_pp73-manylinux_2_17_ppc64le.manylinux2014_ppc64le.whl", hash = "sha256:0f8f741b6292c86059ed175d80eefa80997125b7c478fb8769fd9ac8943a16c0"},
    {file = "rpds_py-0.20.1-pp39-pypy39_pp73-manylinux_2_17_s390x.manylinux2014_s390x.whl", hash = "sha256:0fc212779bf8411667234b3cdd34d53de6c2b8b8b958e1e12cb473a5f367c338"},
    {file = "rpds_py-0.20.1-pp39-pypy39_pp73-manylinux_2_17_x86_64.manylinux2014_x86_64.whl", hash = "sha256:0ad56edabcdb428c2e33bbf24f255fe2b43253b7d13a2cdbf05de955217313e6"},
    {file = "rpds_py-0.20.1-pp39-pypy39_pp73-manylinux_2_5_i686.manylinux1_i686.whl", hash = "sha256:0a3a1e9ee9728b2c1734f65d6a1d376c6f2f6fdcc13bb007a08cc4b1ff576dc5"},
    {file = "rpds_py-0.20.1-pp39-pypy39_pp73-musllinux_1_2_aarch64.whl", hash = "sha256:e13de156137b7095442b288e72f33503a469aa1980ed856b43c353ac86390519"},
    {file = "rpds_py-0.20.1-pp39-pypy39_pp73-musllinux_1_2_i686.whl", hash = "sha256:07f59760ef99f31422c49038964b31c4dfcfeb5d2384ebfc71058a7c9adae2d2"},
    {file = "rpds_py-0.20.1-pp39-pypy39_pp73-musllinux_1_2_x86_64.whl", hash = "sha256:59240685e7da61fb78f65a9f07f8108e36a83317c53f7b276b4175dc44151684"},
    {file = "rpds_py-0.20.1-pp39-pypy39_pp73-win_amd64.whl", hash = "sha256:83cba698cfb3c2c5a7c3c6bac12fe6c6a51aae69513726be6411076185a8b24a"},
    {file = "rpds_py-0.20.1.tar.gz", hash = "sha256:e1791c4aabd117653530dccd24108fa03cc6baf21f58b950d0a73c3b3b29a350"},
]
six = [
    {file = "six-1.17.0-py2.py3-none-any.whl", hash = "sha256:4721f391ed90541fddacab5acf947aa0d3dc7d27b2e1e8eda2be8970586c3274"},
    {file = "six-1.17.0.tar.gz", hash = "sha256:ff70335d468e7eb6ec65b95b99d3a2836546063f63acc5171de367e834932a81"},
]
sortedcontainers = [
    {file = "sortedcontainers-2.4.0-py2.py3-none-any.whl", hash = "sha256:a163dcaede0f1c021485e957a39245190e74249897e2ae4b2aa38595db237ee0"},
    {file = "sortedcontainers-2.4.0.tar.gz", hash = "sha256:25caa5a06cc30b6b83d11423433f65d1f9d76c4c6a0c90e3379eaa43b9bfdb88"},
]
tomli = [
    {file = "tomli-2.2.1-cp311-cp311-macosx_10_9_x86_64.whl", hash = "sha256:678e4fa69e4575eb77d103de3df8a895e1591b48e740211bd1067378c69e8249"},
    {file = "tomli-2.2.1-cp311-cp311-macosx_11_0_arm64.whl", hash = "sha256:023aa114dd824ade0100497eb2318602af309e5a55595f76b626d6d9f3b7b0a6"},
    {file = "tomli-2.2.1-cp311-cp311-manylinux_2_17_aarch64.manylinux2014_aarch64.whl", hash = "sha256:ece47d672db52ac607a3d9599a9d48dcb2f2f735c6c2d1f34130085bb12b112a"},
    {file = "tomli-2.2.1-cp311-cp311-manylinux_2_17_x86_64.manylinux2014_x86_64.whl", hash = "sha256:6972ca9c9cc9f0acaa56a8ca1ff51e7af152a9f87fb64623e31d5c83700080ee"},
    {file = "tomli-2.2.1-cp311-cp311-manylinux_2_5_i686.manylinux1_i686.manylinux_2_17_i686.manylinux2014_i686.whl", hash = "sha256:c954d2250168d28797dd4e3ac5cf812a406cd5a92674ee4c8f123c889786aa8e"},
    {file = "tomli-2.2.1-cp311-cp311-musllinux_1_2_aarch64.whl", hash = "sha256:8dd28b3e155b80f4d54beb40a441d366adcfe740969820caf156c019fb5c7ec4"},
    {file = "tomli-2.2.1-cp311-cp311-musllinux_1_2_i686.whl", hash = "sha256:e59e304978767a54663af13c07b3d1af22ddee3bb2fb0618ca1593e4f593a106"},
    {file = "tomli-2.2.1-cp311-cp311-musllinux_1_2_x86_64.whl", hash = "sha256:33580bccab0338d00994d7f16f4c4ec25b776af3ffaac1ed74e0b3fc95e885a8"},
    {file = "tomli-2.2.1-cp311-cp311-win32.whl", hash = "sha256:465af0e0875402f1d226519c9904f37254b3045fc5084697cefb9bdde1ff99ff"},
    {file = "tomli-2.2.1-cp311-cp311-win_amd64.whl", hash = "sha256:2d0f2fdd22b02c6d81637a3c95f8cd77f995846af7414c5c4b8d0545afa1bc4b"},
    {file = "tomli-2.2.1-cp312-cp312-macosx_10_13_x86_64.whl", hash = "sha256:4a8f6e44de52d5e6c657c9fe83b562f5f4256d8ebbfe4ff922c495620a7f6cea"},
    {file = "tomli-2.2.1-cp312-cp312-macosx_11_0_arm64.whl", hash = "sha256:8d57ca8095a641b8237d5b079147646153d22552f1c637fd3ba7f4b0b29167a8"},
    {file = "tomli-2.2.1-cp312-cp312-manylinux_2_17_aarch64.manylinux2014_aarch64.whl", hash = "sha256:4e340144ad7ae1533cb897d406382b4b6fede8890a03738ff1683af800d54192"},
    {file = "tomli-2.2.1-cp312-cp312-manylinux_2_17_x86_64.manylinux2014_x86_64.whl", hash = "sha256:db2b95f9de79181805df90bedc5a5ab4c165e6ec3fe99f970d0e302f384ad222"},
    {file = "tomli-2.2.1-cp312-cp312-manylinux_2_5_i686.manylinux1_i686.manylinux_2_17_i686.manylinux2014_i686.whl", hash = "sha256:40741994320b232529c802f8bc86da4e1aa9f413db394617b9a256ae0f9a7f77"},
    {file = "tomli-2.2.1-cp312-cp312-musllinux_1_2_aarch64.whl", hash = "sha256:400e720fe168c0f8521520190686ef8ef033fb19fc493da09779e592861b78c6"},
    {file = "tomli-2.2.1-cp312-cp312-musllinux_1_2_i686.whl", hash = "sha256:02abe224de6ae62c19f090f68da4e27b10af2b93213d36cf44e6e1c5abd19fdd"},
    {file = "tomli-2.2.1-cp312-cp312-musllinux_1_2_x86_64.whl", hash = "sha256:b82ebccc8c8a36f2094e969560a1b836758481f3dc360ce9a3277c65f374285e"},
    {file = "tomli-2.2.1-cp312-cp312-win32.whl", hash = "sha256:889f80ef92701b9dbb224e49ec87c645ce5df3fa2cc548664eb8a25e03127a98"},
    {file = "tomli-2.2.1-cp312-cp312-win_amd64.whl", hash = "sha256:7fc04e92e1d624a4a63c76474610238576942d6b8950a2d7f908a340494e67e4"},
    {file = "tomli-2.2.1-cp313-cp313-macosx_10_13_x86_64.whl", hash = "sha256:f4039b9cbc3048b2416cc57ab3bda989a6fcf9b36cf8937f01a6e731b64f80d7"},
    {file = "tomli-2.2.1-cp313-cp313-macosx_11_0_arm64.whl", hash = "sha256:286f0ca2ffeeb5b9bd4fcc8d6c330534323ec51b2f52da063b11c502da16f30c"},
    {file = "tomli-2.2.1-cp313-cp313-manylinux_2_17_aarch64.manylinux2014_aarch64.whl", hash = "sha256:a92ef1a44547e894e2a17d24e7557a5e85a9e1d0048b0b5e7541f76c5032cb13"},
    {file = "tomli-2.2.1-cp313-cp313-manylinux_2_17_x86_64.manylinux2014_x86_64.whl", hash = "sha256:9316dc65bed1684c9a98ee68759ceaed29d229e985297003e494aa825ebb0281"},
    {file = "tomli-2.2.1-cp313-cp313-manylinux_2_5_i686.manylinux1_i686.manylinux_2_17_i686.manylinux2014_i686.whl", hash = "sha256:e85e99945e688e32d5a35c1ff38ed0b3f41f43fad8df0bdf79f72b2ba7bc5272"},
    {file = "tomli-2.2.1-cp313-cp313-musllinux_1_2_aarch64.whl", hash = "sha256:ac065718db92ca818f8d6141b5f66369833d4a80a9d74435a268c52bdfa73140"},
    {file = "tomli-2.2.1-cp313-cp313-musllinux_1_2_i686.whl", hash = "sha256:d920f33822747519673ee656a4b6ac33e382eca9d331c87770faa3eef562aeb2"},
    {file = "tomli-2.2.1-cp313-cp313-musllinux_1_2_x86_64.whl", hash = "sha256:a198f10c4d1b1375d7687bc25294306e551bf1abfa4eace6650070a5c1ae2744"},
    {file = "tomli-2.2.1-cp313-cp313-win32.whl", hash = "sha256:d3f5614314d758649ab2ab3a62d4f2004c825922f9e370b29416484086b264ec"},
    {file = "tomli-2.2.1-cp313-cp313-win_amd64.whl", hash = "sha256:a38aa0308e754b0e3c67e344754dff64999ff9b513e691d0e786265c93583c69"},
    {file = "tomli-2.2.1-py3-none-any.whl", hash = "sha256:cb55c73c5f4408779d0cf3eef9f762b9c9f147a77de7b258bef0a5628adc85cc"},
    {file = "tomli-2.2.1.tar.gz", hash = "sha256:cd45e1dc79c835ce60f7404ec8119f2eb06d38b1deba146f07ced3bbc44505ff"},
]
types-python-dateutil = [
    {file = "types_python_dateutil-2.9.0.20241206-py3-none-any.whl", hash = "sha256:e248a4bc70a486d3e3ec84d0dc30eec3a5f979d6e7ee4123ae043eedbb987f53"},
    {file = "types_python_dateutil-2.9.0.20241206.tar.gz", hash = "sha256:18f493414c26ffba692a72369fea7a154c502646301ebfe3d56a04b3767284cb"},
]
uri-template = [
    {file = "uri-template-1.3.0.tar.gz", hash = "sha256:0e00f8eb65e18c7de20d595a14336e9f337ead580c70934141624b6d1ffdacc7"},
    {file = "uri_template-1.3.0-py3-none-any.whl", hash = "sha256:a44a133ea12d44a0c0f06d7d42a52d71282e77e2f937d8abd5655b8d56fc1363"},
]
webcolors = [
    {file = "webcolors-24.8.0-py3-none-any.whl", hash = "sha256:fc4c3b59358ada164552084a8ebee637c221e4059267d0f8325b3b560f6c7f0a"},
    {file = "webcolors-24.8.0.tar.gz", hash = "sha256:08b07af286a01bcd30d583a7acadf629583d1f79bfef27dd2c2c5c263817277d"},
]
zipp = [
    {file = "zipp-3.20.2-py3-none-any.whl", hash = "sha256:a817ac80d6cf4b23bf7f2828b7cabf326f15a001bea8b1f9b49631780ba28350"},
    {file = "zipp-3.20.2.tar.gz", hash = "sha256:bc9eb26f4506fda01b81bcde0ca78103b6e62f991b381fec825435c836edbc29"},
]
