{
    "_meta": {
        "hash": {
            "sha256": "1a27524ec309dcac76e2e13745b7a71ddbb988e8478c4004e3d8ce0d408fbf50"
        },
        "pipfile-spec": 6,
        "requires": {},
        "sources": [
            {
                "name": "pypi",
                "url": "https://pypi.org/simple",
                "verify_ssl": true
            }
        ]
    },
    "default": {
        "package-a": {
            "file": "../../_helpers/local_pckages/a/dist/package-a-23.42.tar.gz",
            "hashes": [
                "sha256:3869fe3f4a6cca5b203b2e2cd8858c834f651e1b0fa76d5c0232e36472199592"
            ]
        },
        "package-b": {
            "file": "../../_helpers/local_pckages/b/dist/package_b-23.42-py3-none-any.whl",
            "hashes": [
                "sha256:4aacda53fa274f5ff7eed71a9916904ffb3a11b05dc5ca529d7ddb78ae2dc602"
            ]
        },
        "package-c": {
            "file": "../../_helpers/local_pckages/c"
        }
    },
    "develop": {}
}
